<?xml version="1.0" encoding="utf-8"?>
<Project ToolsVersion="4.0" xmlns="http://schemas.microsoft.com/developer/msbuild/2003">
  <ItemGroup>
    <Filter Include="Source Files">
      <UniqueIdentifier>{4FC737F1-C7A5-4376-A066-2A32D752A2FF}</UniqueIdentifier>
      <Extensions>cpp;c;cc;cxx;def;odl;idl;hpj;bat;asm;asmx</Extensions>
    </Filter>
    <Filter Include="Header Files">
      <UniqueIdentifier>{93995380-89BD-4b04-88EB-625FBE52EBFB}</UniqueIdentifier>
      <Extensions>h;hh;hpp;hxx;hm;inl;inc;xsd</Extensions>
    </Filter>
    <Filter Include="Resource Files">
      <UniqueIdentifier>{67DA6AB6-F800-4c08-8B7A-83BB121AAD01}</UniqueIdentifier>
      <Extensions>rc;ico;cur;bmp;dlg;rc2;rct;bin;rgs;gif;jpg;jpeg;jpe;resx;tiff;tif;png;wav;mfcribbon-ms</Extensions>
    </Filter>
  </ItemGroup>
  <ItemGroup>
    <ClCompile Include="main.cpp">
      <Filter>Source Files</Filter>
    </ClCompile>
    <ClCompile Include="PlayerAnimation.cpp">
      <Filter>Source Files</Filter>
    </ClCompile>
    <ClCompile Include="Player.cpp">
      <Filter>Source Files</Filter>
    </ClCompile>
    <ClCompile Include="Collider.cpp">
      <Filter>Source Files</Filter>
    </ClCompile>
    <ClCompile Include="Platform.cpp">
      <Filter>Source Files</Filter>
    </ClCompile>
    <ClCompile Include="Bomb.cpp">
      <Filter>Source Files</Filter>
    </ClCompile>
    <ClCompile Include="BombAnimation.cpp">
      <Filter>Source Files</Filter>
    </ClCompile>
    <ClCompile Include="MAP_GROUND.cpp">
      <Filter>Source Files</Filter>
    </ClCompile>
    <ClCompile Include="Immortal.cpp">
      <Filter>Source Files</Filter>
    </ClCompile>
    <ClCompile Include="MAP_OBJECT.cpp">
      <Filter>Source Files</Filter>
    </ClCompile>
    <ClCompile Include="BombExploding.cpp">
      <Filter>Source Files</Filter>
    </ClCompile>
    <ClCompile Include="BombExplodingAnim.cpp">
      <Filter>Source Files</Filter>
    </ClCompile>
    <ClCompile Include="Lose.cpp">
      <Filter>Source Files</Filter>
    </ClCompile>
    <ClCompile Include="LoseAnimation.cpp">
      <Filter>Source Files</Filter>
    </ClCompile>
    <ClCompile Include="Player2rd.cpp">
      <Filter>Source Files</Filter>
    </ClCompile>
    <ClCompile Include="MAP_outside_top.cpp">
      <Filter>Source Files</Filter>
    </ClCompile>
    <ClCompile Include="MAP_item.cpp">
      <Filter>Source Files</Filter>
    </ClCompile>
    <ClCompile Include="Destroy_item.cpp">
      <Filter>Source Files</Filter>
    </ClCompile>
    <ClCompile Include="Destroy_item_Anim.cpp">
      <Filter>Source Files</Filter>
    </ClCompile>
    <ClCompile Include="BOT1.cpp">
      <Filter>Source Files</Filter>
    </ClCompile>
    <ClCompile Include="BOT2.cpp">
      <Filter>Source Files</Filter>
    </ClCompile>
    <ClCompile Include="BOT3.cpp">
      <Filter>Source Files</Filter>
    </ClCompile>
  </ItemGroup>
  <ItemGroup>
    <ClInclude Include="PlayerAnimation.h">
      <Filter>Header Files</Filter>
    </ClInclude>
    <ClInclude Include="Player.h">
      <Filter>Header Files</Filter>
    </ClInclude>
    <ClInclude Include="Collider.h">
      <Filter>Header Files</Filter>
    </ClInclude>
    <ClInclude Include="Platform.h">
      <Filter>Header Files</Filter>
    </ClInclude>
    <ClInclude Include="Bomb.h">
      <Filter>Header Files</Filter>
    </ClInclude>
    <ClInclude Include="BombAnimation.h">
      <Filter>Header Files</Filter>
    </ClInclude>
    <ClInclude Include="MAP_GROUND.h">
      <Filter>Header Files</Filter>
    </ClInclude>
    <ClInclude Include="Immortal.h">
      <Filter>Header Files</Filter>
    </ClInclude>
    <ClInclude Include="MAP_OBJECT.h">
      <Filter>Header Files</Filter>
    </ClInclude>
    <ClInclude Include="BombExploding.h">
      <Filter>Header Files</Filter>
    </ClInclude>
    <ClInclude Include="BombExplodingAnim.h">
      <Filter>Header Files</Filter>
    </ClInclude>
    <ClInclude Include="Lose.h">
      <Filter>Header Files</Filter>
    </ClInclude>
    <ClInclude Include="LoseAnimation.h">
      <Filter>Header Files</Filter>
    </ClInclude>
    <ClInclude Include="Player2rd.h">
      <Filter>Header Files</Filter>
    </ClInclude>
    <ClInclude Include="MAP_outside_top.h">
      <Filter>Header Files</Filter>
    </ClInclude>
    <ClInclude Include="MAP_item.h">
      <Filter>Header Files</Filter>
    </ClInclude>
    <ClInclude Include="Destroy_item.h">
      <Filter>Header Files</Filter>
    </ClInclude>
    <ClInclude Include="Destroy_item_Anim.h">
      <Filter>Header Files</Filter>
    </ClInclude>
    <ClInclude Include="BOT1.h">
      <Filter>Header Files</Filter>
    </ClInclude>
    <ClInclude Include="BOT2.h">
      <Filter>Header Files</Filter>
    </ClInclude>
    <ClInclude Include="BOT3.h">
      <Filter>Header Files</Filter>
    </ClInclude>
  </ItemGroup>
</Project>